
Microsoft Visual Studio Solution File, Format Version 12.00
# Visual Studio Version 17
VisualStudioVersion = 17.6.33829.357
MinimumVisualStudioVersion = 10.0.40219.1
Project("{FAE04EC0-301F-11D3-BF4B-00C04F79EFBC}") = "GRPC.Server", "GRPC.Server\GRPC.Server.csproj", "{36040009-D4A2-45DF-A9EB-04792C73EE5C}"
EndProject
Project("{FAE04EC0-301F-11D3-BF4B-00C04F79EFBC}") = "GRPC.Client", "GRPC.Client\GRPC.Client.csproj", "{D99B81AB-FD5E-4EE1-B2D4-FD6DE01EF0A9}"
EndProject
Global
	GlobalSection(SolutionConfigurationPlatforms) = preSolution
		Debug|Any CPU = Debug|Any CPU
		Release|Any CPU = Release|Any CPU
	EndGlobalSection
	GlobalSection(ProjectConfigurationPlatforms) = postSolution
		{36040009-D4A2-45DF-A9EB-04792C73EE5C}.Debug|Any CPU.ActiveCfg = Debug|Any CPU
		{36040009-D4A2-45DF-A9EB-04792C73EE5C}.Debug|Any CPU.Build.0 = Debug|Any CPU
		{36040009-D4A2-45DF-A9EB-04792C73EE5C}.Release|Any CPU.ActiveCfg = Release|Any CPU
		{36040009-D4A2-45DF-A9EB-04792C73EE5C}.Release|Any CPU.Build.0 = Release|Any CPU
		{D99B81AB-FD5E-4EE1-B2D4-FD6DE01EF0A9}.Debug|Any CPU.ActiveCfg = Debug|Any CPU
		{D99B81AB-FD5E-4EE1-B2D4-FD6DE01EF0A9}.Debug|Any CPU.Build.0 = Debug|Any CPU
		{D99B81AB-FD5E-4EE1-B2D4-FD6DE01EF0A9}.Release|Any CPU.ActiveCfg = Release|Any CPU
		{D99B81AB-FD5E-4EE1-B2D4-FD6DE01EF0A9}.Release|Any CPU.Build.0 = Release|Any CPU
	EndGlobalSection
	GlobalSection(SolutionProperties) = preSolution
		HideSolutionNode = FALSE
	EndGlobalSection
	GlobalSection(ExtensibilityGlobals) = postSolution
		SolutionGuid = {758114F2-5C9E-484A-A7CB-BC0E7DB7B079}
	EndGlobalSection
EndGlobal
